// !$*UTF8*$!
{
	archiveVersion = 1;
	classes = {
	};
	objectVersion = 50;
	objects = {

/* Begin PBXBuildFile section */
		65E574E920CED77000C23098 /* AppDelegate.swift in Sources */ = {isa = PBXBuildFile; fileRef = 65E574E820CED77000C23098 /* AppDelegate.swift */; };
		65E574EB20CED77000C23098 /* ViewController.swift in Sources */ = {isa = PBXBuildFile; fileRef = 65E574EA20CED77000C23098 /* ViewController.swift */; };
		65E574EE20CED77000C23098 /* Main.storyboard in Resources */ = {isa = PBXBuildFile; fileRef = 65E574EC20CED77000C23098 /* Main.storyboard */; };
		65E574F020CED77200C23098 /* Assets.xcassets in Resources */ = {isa = PBXBuildFile; fileRef = 65E574EF20CED77200C23098 /* Assets.xcassets */; };
		65E574F320CED77200C23098 /* LaunchScreen.storyboard in Resources */ = {isa = PBXBuildFile; fileRef = 65E574F120CED77200C23098 /* LaunchScreen.storyboard */; };
		65E574FB20CED7BA00C23098 /* GoogleService-Info.plist in Resources */ = {isa = PBXBuildFile; fileRef = 65E574FA20CED7BA00C23098 /* GoogleService-Info.plist */; };
		D768599ED290F2E3799B0698 /* Pods_ChoresForCoinsProject.framework in Frameworks */ = {isa = PBXBuildFile; fileRef = 18E49A3F9FDAF23B59A6A871 /* Pods_ChoresForCoinsProject.framework */; };
/* End PBXBuildFile section */

/* Begin PBXFileReference section */
		18E49A3F9FDAF23B59A6A871 /* Pods_ChoresForCoinsProject.framework */ = {isa = PBXFileReference; explicitFileType = wrapper.framework; includeInIndex = 0; path = Pods_ChoresForCoinsProject.framework; sourceTree = BUILT_PRODUCTS_DIR; };
		65E574E520CED77000C23098 /* ChoresForCoinsProject.app */ = {isa = PBXFileReference; explicitFileType = wrapper.application; includeInIndex = 0; path = ChoresForCoinsProject.app; sourceTree = BUILT_PRODUCTS_DIR; };
		65E574E820CED77000C23098 /* AppDelegate.swift */ = {isa = PBXFileReference; lastKnownFileType = sourcecode.swift; path = AppDelegate.swift; sourceTree = "<group>"; };
		65E574EA20CED77000C23098 /* ViewController.swift */ = {isa = PBXFileReference; lastKnownFileType = sourcecode.swift; path = ViewController.swift; sourceTree = "<group>"; };
		65E574ED20CED77000C23098 /* Base */ = {isa = PBXFileReference; lastKnownFileType = file.storyboard; name = Base; path = Base.lproj/Main.storyboard; sourceTree = "<group>"; };
		65E574EF20CED77200C23098 /* Assets.xcassets */ = {isa = PBXFileReference; lastKnownFileType = folder.assetcatalog; path = Assets.xcassets; sourceTree = "<group>"; };
		65E574F220CED77200C23098 /* Base */ = {isa = PBXFileReference; lastKnownFileType = file.storyboard; name = Base; path = Base.lproj/LaunchScreen.storyboard; sourceTree = "<group>"; };
		65E574F420CED77200C23098 /* Info.plist */ = {isa = PBXFileReference; lastKnownFileType = text.plist.xml; path = Info.plist; sourceTree = "<group>"; };
		65E574FA20CED7BA00C23098 /* GoogleService-Info.plist */ = {isa = PBXFileReference; fileEncoding = 4; lastKnownFileType = text.plist.xml; path = "GoogleService-Info.plist"; sourceTree = "<group>"; };
		B037D316BF9655875B3F1AA1 /* Pods-ChoresForCoinsProject.release.xcconfig */ = {isa = PBXFileReference; includeInIndex = 1; lastKnownFileType = text.xcconfig; name = "Pods-ChoresForCoinsProject.release.xcconfig"; path = "Pods/Target Support Files/Pods-ChoresForCoinsProject/Pods-ChoresForCoinsProject.release.xcconfig"; sourceTree = "<group>"; };
		DD27596F3D33D7CFD6FEA2CE /* Pods-ChoresForCoinsProject.debug.xcconfig */ = {isa = PBXFileReference; includeInIndex = 1; lastKnownFileType = text.xcconfig; name = "Pods-ChoresForCoinsProject.debug.xcconfig"; path = "Pods/Target Support Files/Pods-ChoresForCoinsProject/Pods-ChoresForCoinsProject.debug.xcconfig"; sourceTree = "<group>"; };
/* End PBXFileReference section */

/* Begin PBXFrameworksBuildPhase section */
		65E574E220CED77000C23098 /* Frameworks */ = {
			isa = PBXFrameworksBuildPhase;
			buildActionMask = 2147483647;
			files = (
				D768599ED290F2E3799B0698 /* Pods_ChoresForCoinsProject.framework in Frameworks */,
			);
			runOnlyForDeploymentPostprocessing = 0;
		};
/* End PBXFrameworksBuildPhase section */

/* Begin PBXGroup section */
		0A48412D51D021983DB18015 /* Pods */ = {
			isa = PBXGroup;
			children = (
				DD27596F3D33D7CFD6FEA2CE /* Pods-ChoresForCoinsProject.debug.xcconfig */,
				B037D316BF9655875B3F1AA1 /* Pods-ChoresForCoinsProject.release.xcconfig */,
			);
			name = Pods;
			sourceTree = "<group>";
		};
		289C42FFCD36EC6AAE0BD7DF /* Frameworks */ = {
			isa = PBXGroup;
			children = (
				18E49A3F9FDAF23B59A6A871 /* Pods_ChoresForCoinsProject.framework */,
			);
			name = Frameworks;
			sourceTree = "<group>";
		};
		65E574DC20CED77000C23098 = {
			isa = PBXGroup;
			children = (
				65E574E720CED77000C23098 /* ChoresForCoinsProject */,
				65E574E620CED77000C23098 /* Products */,
				0A48412D51D021983DB18015 /* Pods */,
				289C42FFCD36EC6AAE0BD7DF /* Frameworks */,
			);
			sourceTree = "<group>";
		};
		65E574E620CED77000C23098 /* Products */ = {
			isa = PBXGroup;
			children = (
				65E574E520CED77000C23098 /* ChoresForCoinsProject.app */,
			);
			name = Products;
			sourceTree = "<group>";
		};
		65E574E720CED77000C23098 /* ChoresForCoinsProject */ = {
			isa = PBXGroup;
			children = (
				65E574E820CED77000C23098 /* AppDelegate.swift */,
				65E574EA20CED77000C23098 /* ViewController.swift */,
				65E574EC20CED77000C23098 /* Main.storyboard */,
				65E574EF20CED77200C23098 /* Assets.xcassets */,
				65E574F120CED77200C23098 /* LaunchScreen.storyboard */,
				65E574F420CED77200C23098 /* Info.plist */,
				65E574FA20CED7BA00C23098 /* GoogleService-Info.plist */,
			);
			path = ChoresForCoinsProject;
			sourceTree = "<group>";
		};
/* End PBXGroup section */

/* Begin PBXNativeTarget section */
		65E574E420CED77000C23098 /* ChoresForCoinsProject */ = {
			isa = PBXNativeTarget;
			buildConfigurationList = 65E574F720CED77200C23098 /* Build configuration list for PBXNativeTarget "ChoresForCoinsProject" */;
			buildPhases = (
				D683F4B169CDC9CE535943FA /* [CP] Check Pods Manifest.lock */,
				65E574E120CED77000C23098 /* Sources */,
				65E574E220CED77000C23098 /* Frameworks */,
				65E574E320CED77000C23098 /* Resources */,
				7F067F68165522B1543876F1 /* [CP] Embed Pods Frameworks */,
			);
			buildRules = (
			);
			dependencies = (
			);
			name = ChoresForCoinsProject;
			productName = ChoresForCoinsProject;
			productReference = 65E574E520CED77000C23098 /* ChoresForCoinsProject.app */;
			productType = "com.apple.product-type.application";
		};
/* End PBXNativeTarget section */

/* Begin PBXProject section */
		65E574DD20CED77000C23098 /* Project object */ = {
			isa = PBXProject;
			attributes = {
				LastSwiftUpdateCheck = 0940;
				LastUpgradeCheck = 0940;
				ORGANIZATIONNAME = "Daniel Rivera, Andrew Harrington";
				TargetAttributes = {
					65E574E420CED77000C23098 = {
						CreatedOnToolsVersion = 9.4;
					};
				};
			};
			buildConfigurationList = 65E574E020CED77000C23098 /* Build configuration list for PBXProject "ChoresForCoinsProject" */;
			compatibilityVersion = "Xcode 9.3";
			developmentRegion = en;
			hasScannedForEncodings = 0;
			knownRegions = (
				en,
				Base,
			);
			mainGroup = 65E574DC20CED77000C23098;
			productRefGroup = 65E574E620CED77000C23098 /* Products */;
			projectDirPath = "";
			projectRoot = "";
			targets = (
				65E574E420CED77000C23098 /* ChoresForCoinsProject */,
			);
		};
/* End PBXProject section */

/* Begin PBXResourcesBuildPhase section */
		65E574E320CED77000C23098 /* Resources */ = {
			isa = PBXResourcesBuildPhase;
			buildActionMask = 2147483647;
			files = (
				65E574F320CED77200C23098 /* LaunchScreen.storyboard in Resources */,
				65E574FB20CED7BA00C23098 /* GoogleService-Info.plist in Resources */,
				65E574F020CED77200C23098 /* Assets.xcassets in Resources */,
				65E574EE20CED77000C23098 /* Main.storyboard in Resources */,
			);
			runOnlyForDeploymentPostprocessing = 0;
		};
/* End PBXResourcesBuildPhase section */

/* Begin PBXShellScriptBuildPhase section */
		7F067F68165522B1543876F1 /* [CP] Embed Pods Frameworks */ = {
			isa = PBXShellScriptBuildPhase;
			buildActionMask = 2147483647;
			files = (
			);
			inputPaths = (
				"${SRCROOT}/Pods/Target Support Files/Pods-ChoresForCoinsProject/Pods-ChoresForCoinsProject-frameworks.sh",
				"${BUILT_PRODUCTS_DIR}/GTMSessionFetcher/GTMSessionFetcher.framework",
				"${BUILT_PRODUCTS_DIR}/GoogleToolboxForMac/GoogleToolboxForMac.framework",
				"${BUILT_PRODUCTS_DIR}/leveldb-library/leveldb.framework",
				"${BUILT_PRODUCTS_DIR}/nanopb/nanopb.framework",
			);
			name = "[CP] Embed Pods Frameworks";
			outputPaths = (
				"${TARGET_BUILD_DIR}/${FRAMEWORKS_FOLDER_PATH}/GTMSessionFetcher.framework",
				"${TARGET_BUILD_DIR}/${FRAMEWORKS_FOLDER_PATH}/GoogleToolboxForMac.framework",
				"${TARGET_BUILD_DIR}/${FRAMEWORKS_FOLDER_PATH}/leveldb.framework",
				"${TARGET_BUILD_DIR}/${FRAMEWORKS_FOLDER_PATH}/nanopb.framework",
			);
			runOnlyForDeploymentPostprocessing = 0;
			shellPath = /bin/sh;
			shellScript = "\"${SRCROOT}/Pods/Target Support Files/Pods-ChoresForCoinsProject/Pods-ChoresForCoinsProject-frameworks.sh\"\n";
			showEnvVarsInLog = 0;
		};
		D683F4B169CDC9CE535943FA /* [CP] Check Pods Manifest.lock */ = {
			isa = PBXShellScriptBuildPhase;
			buildActionMask = 2147483647;
			files = (
			);
			inputPaths = (
				"${PODS_PODFILE_DIR_PATH}/Podfile.lock",
				"${PODS_ROOT}/Manifest.lock",
			);
			name = "[CP] Check Pods Manifest.lock";
			outputPaths = (
				"$(DERIVED_FILE_DIR)/Pods-ChoresForCoinsProject-checkManifestLockResult.txt",
			);
			runOnlyForDeploymentPostprocessing = 0;
			shellPath = /bin/sh;
			shellScript = "diff \"${PODS_PODFILE_DIR_PATH}/Podfile.lock\" \"${PODS_ROOT}/Manifest.lock\" > /dev/null\nif [ $? != 0 ] ; then\n    # print error to STDERR\n    echo \"error: The sandbox is not in sync with the Podfile.lock. Run 'pod install' or update your CocoaPods installation.\" >&2\n    exit 1\nfi\n# This output is used by Xcode 'outputs' to avoid re-running this script phase.\necho \"SUCCESS\" > \"${SCRIPT_OUTPUT_FILE_0}\"\n";
			showEnvVarsInLog = 0;
		};
/* End PBXShellScriptBuildPhase section */

/* Begin PBXSourcesBuildPhase section */
		65E574E120CED77000C23098 /* Sources */ = {
			isa = PBXSourcesBuildPhase;
			buildActionMask = 2147483647;
			files = (
				65E574EB20CED77000C23098 /* ViewController.swift in Sources */,
				65E574E920CED77000C23098 /* AppDelegate.swift in Sources */,
			);
			runOnlyForDeploymentPostprocessing = 0;
		};
/* End PBXSourcesBuildPhase section */

/* Begin PBXVariantGroup section */
		65E574EC20CED77000C23098 /* Main.storyboard */ = {
			isa = PBXVariantGroup;
			children = (
				65E574ED20CED77000C23098 /* Base */,
			);
			name = Main.storyboard;
			sourceTree = "<group>";
		};
		65E574F120CED77200C23098 /* LaunchScreen.storyboard */ = {
			isa = PBXVariantGroup;
			children = (
				65E574F220CED77200C23098 /* Base */,
			);
			name = LaunchScreen.storyboard;
			sourceTree = "<group>";
		};
/* End PBXVariantGroup section */

/* Begin XCBuildConfiguration section */
		65E574F520CED77200C23098 /* Debug */ = {
			isa = XCBuildConfiguration;
			buildSettings = {
				ALWAYS_SEARCH_USER_PATHS = NO;
				CLANG_ANALYZER_NONNULL = YES;
				CLANG_ANALYZER_NUMBER_OBJECT_CONVERSION = YES_AGGRESSIVE;
				CLANG_CXX_LANGUAGE_STANDARD = "gnu++14";
				CLANG_CXX_LIBRARY = "libc++";
				CLANG_ENABLE_MODULES = YES;
				CLANG_ENABLE_OBJC_ARC = YES;
				CLANG_ENABLE_OBJC_WEAK = YES;
				CLANG_WARN_BLOCK_CAPTURE_AUTORELEASING = YES;
				CLANG_WARN_BOOL_CONVERSION = YES;
				CLANG_WARN_COMMA = YES;
				CLANG_WARN_CONSTANT_CONVERSION = YES;
				CLANG_WARN_DEPRECATED_OBJC_IMPLEMENTATIONS = YES;
				CLANG_WARN_DIRECT_OBJC_ISA_USAGE = YES_ERROR;
				CLANG_WARN_DOCUMENTATION_COMMENTS = YES;
				CLANG_WARN_EMPTY_BODY = YES;
				CLANG_WARN_ENUM_CONVERSION = YES;
				CLANG_WARN_INFINITE_RECURSION = YES;
				CLANG_WARN_INT_CONVERSION = YES;
				CLANG_WARN_NON_LITERAL_NULL_CONVERSION = YES;
				CLANG_WARN_OBJC_IMPLICIT_RETAIN_SELF = YES;
				CLANG_WARN_OBJC_LITERAL_CONVERSION = YES;
				CLANG_WARN_OBJC_ROOT_CLASS = YES_ERROR;
				CLANG_WARN_RANGE_LOOP_ANALYSIS = YES;
				CLANG_WARN_STRICT_PROTOTYPES = YES;
				CLANG_WARN_SUSPICIOUS_MOVE = YES;
				CLANG_WARN_UNGUARDED_AVAILABILITY = YES_AGGRESSIVE;
				CLANG_WARN_UNREACHABLE_CODE = YES;
				CLANG_WARN__DUPLICATE_METHOD_MATCH = YES;
				CODE_SIGN_IDENTITY = "iPhone Developer";
				COPY_PHASE_STRIP = NO;
				DEBUG_INFORMATION_FORMAT = dwarf;
				ENABLE_STRICT_OBJC_MSGSEND = YES;
				ENABLE_TESTABILITY = YES;
				GCC_C_LANGUAGE_STANDARD = gnu11;
				GCC_DYNAMIC_NO_PIC = NO;
				GCC_NO_COMMON_BLOCKS = YES;
				GCC_OPTIMIZATION_LEVEL = 0;
				GCC_PREPROCESSOR_DEFINITIONS = (
					"DEBUG=1",
					"$(inherited)",
				);
				GCC_WARN_64_TO_32_BIT_CONVERSION = YES;
				GCC_WARN_ABOUT_RETURN_TYPE = YES_ERROR;
				GCC_WARN_UNDECLARED_SELECTOR = YES;
				GCC_WARN_UNINITIALIZED_AUTOS = YES_AGGRESSIVE;
				GCC_WARN_UNUSED_FUNCTION = YES;
				GCC_WARN_UNUSED_VARIABLE = YES;
				IPHONEOS_DEPLOYMENT_TARGET = 11.4;
				MTL_ENABLE_DEBUG_INFO = YES;
				ONLY_ACTIVE_ARCH = YES;
				SDKROOT = iphoneos;
				SWIFT_ACTIVE_COMPILATION_CONDITIONS = DEBUG;
				SWIFT_OPTIMIZATION_LEVEL = "-Onone";
			};
			name = Debug;
		};
		65E574F620CED77200C23098 /* Release */ = {
			isa = XCBuildConfiguration;
			buildSettings = {
				ALWAYS_SEARCH_USER_PATHS = NO;
				CLANG_ANALYZER_NONNULL = YES;
				CLANG_ANALYZER_NUMBER_OBJECT_CONVERSION = YES_AGGRESSIVE;
				CLANG_CXX_LANGUAGE_STANDARD = "gnu++14";
				CLANG_CXX_LIBRARY = "libc++";
				CLANG_ENABLE_MODULES = YES;
				CLANG_ENABLE_OBJC_ARC = YES;
				CLANG_ENABLE_OBJC_WEAK = YES;
				CLANG_WARN_BLOCK_CAPTURE_AUTORELEASING = YES;
				CLANG_WARN_BOOL_CONVERSION = YES;
				CLANG_WARN_COMMA = YES;
				CLANG_WARN_CONSTANT_CONVERSION = YES;
				CLANG_WARN_DEPRECATED_OBJC_IMPLEMENTATIONS = YES;
				CLANG_WARN_DIRECT_OBJC_ISA_USAGE = YES_ERROR;
				CLANG_WARN_DOCUMENTATION_COMMENTS = YES;
				CLANG_WARN_EMPTY_BODY = YES;
				CLANG_WARN_ENUM_CONVERSION = YES;
				CLANG_WARN_INFINITE_RECURSION = YES;
				CLANG_WARN_INT_CONVERSION = YES;
				CLANG_WARN_NON_LITERAL_NULL_CONVERSION = YES;
				CLANG_WARN_OBJC_IMPLICIT_RETAIN_SELF = YES;
				CLANG_WARN_OBJC_LITERAL_CONVERSION = YES;
				CLANG_WARN_OBJC_ROOT_CLASS = YES_ERROR;
				CLANG_WARN_RANGE_LOOP_ANALYSIS = YES;
				CLANG_WARN_STRICT_PROTOTYPES = YES;
				CLANG_WARN_SUSPICIOUS_MOVE = YES;
				CLANG_WARN_UNGUARDED_AVAILABILITY = YES_AGGRESSIVE;
				CLANG_WARN_UNREACHABLE_CODE = YES;
				CLANG_WARN__DUPLICATE_METHOD_MATCH = YES;
				CODE_SIGN_IDENTITY = "iPhone Developer";
				COPY_PHASE_STRIP = NO;
				DEBUG_INFORMATION_FORMAT = "dwarf-with-dsym";
				ENABLE_NS_ASSERTIONS = NO;
				ENABLE_STRICT_OBJC_MSGSEND = YES;
				GCC_C_LANGUAGE_STANDARD = gnu11;
				GCC_NO_COMMON_BLOCKS = YES;
				GCC_WARN_64_TO_32_BIT_CONVERSION = YES;
				GCC_WARN_ABOUT_RETURN_TYPE = YES_ERROR;
				GCC_WARN_UNDECLARED_SELECTOR = YES;
				GCC_WARN_UNINITIALIZED_AUTOS = YES_AGGRESSIVE;
				GCC_WARN_UNUSED_FUNCTION = YES;
				GCC_WARN_UNUSED_VARIABLE = YES;
				IPHONEOS_DEPLOYMENT_TARGET = 11.4;
				MTL_ENABLE_DEBUG_INFO = NO;
				SDKROOT = iphoneos;
				SWIFT_COMPILATION_MODE = wholemodule;
				SWIFT_OPTIMIZATION_LEVEL = "-O";
				VALIDATE_PRODUCT = YES;
			};
			name = Release;
		};
		65E574F820CED77200C23098 /* Debug */ = {
			isa = XCBuildConfiguration;
			baseConfigurationReference = DD27596F3D33D7CFD6FEA2CE /* Pods-ChoresForCoinsProject.debug.xcconfig */;
			buildSettings = {
				ASSETCATALOG_COMPILER_APPICON_NAME = AppIcon;
				CODE_SIGN_STYLE = Automatic;
				DEVELOPMENT_TEAM = 97YC5Y3SEZ;
				INFOPLIST_FILE = ChoresForCoinsProject/Info.plist;
				LD_RUNPATH_SEARCH_PATHS = (
					"$(inherited)",
					"@executable_path/Frameworks",
				);
				PRODUCT_BUNDLE_IDENTIFIER = com.fullsail.ChoresForCoinsProject;
				PRODUCT_NAME = "$(TARGET_NAME)";
				SWIFT_VERSION = 4.0;
				TARGETED_DEVICE_FAMILY = "1,2";
			};
			name = Debug;
		};
		65E574F920CED77200C23098 /* Release */ = {
			isa = XCBuildConfiguration;
			baseConfigurationReference = B037D316BF9655875B3F1AA1 /* Pods-ChoresForCoinsProject.release.xcconfig */;
			buildSettings = {
				ASSETCATALOG_COMPILER_APPICON_NAME = AppIcon;
				CODE_SIGN_STYLE = Automatic;
				DEVELOPMENT_TEAM = 97YC5Y3SEZ;
				INFOPLIST_FILE = ChoresForCoinsProject/Info.plist;
				LD_RUNPATH_SEARCH_PATHS = (
					"$(inherited)",
					"@executable_path/Frameworks",
				);
				PRODUCT_BUNDLE_IDENTIFIER = com.fullsail.ChoresForCoinsProject;
				PRODUCT_NAME = "$(TARGET_NAME)";
				SWIFT_VERSION = 4.0;
				TARGETED_DEVICE_FAMILY = "1,2";
			};
			name = Release;
		};
/* End XCBuildConfiguration section */

/* Begin XCConfigurationList section */
		65E574E020CED77000C23098 /* Build configuration list for PBXProject "ChoresForCoinsProject" */ = {
			isa = XCConfigurationList;
			buildConfigurations = (
				65E574F520CED77200C23098 /* Debug */,
				65E574F620CED77200C23098 /* Release */,
			);
			defaultConfigurationIsVisible = 0;
			defaultConfigurationName = Release;
		};
		65E574F720CED77200C23098 /* Build configuration list for PBXNativeTarget "ChoresForCoinsProject" */ = {
			isa = XCConfigurationList;
			buildConfigurations = (
				65E574F820CED77200C23098 /* Debug */,
				65E574F920CED77200C23098 /* Release */,
			);
			defaultConfigurationIsVisible = 0;
			defaultConfigurationName = Release;
		};
/* End XCConfigurationList section */
	};
	rootObject = 65E574DD20CED77000C23098 /* Project object */;
}
